// !$*UTF8*$!
{
	archiveVersion = 1;
	classes = {
	};
	objectVersion = 46;
	objects = {

/* Begin PBXBuildFile section */
		338FEB101C94D77800F74AB9 /* AppDelegate.swift in Sources */ = {isa = PBXBuildFile; fileRef = 338FEB0F1C94D77800F74AB9 /* AppDelegate.swift */; };
		338FEB121C94D77800F74AB9 /* ViewController.swift in Sources */ = {isa = PBXBuildFile; fileRef = 338FEB111C94D77800F74AB9 /* ViewController.swift */; };
		338FEB151C94D77800F74AB9 /* Main.storyboard in Resources */ = {isa = PBXBuildFile; fileRef = 338FEB131C94D77800F74AB9 /* Main.storyboard */; };
		338FEB171C94D77800F74AB9 /* Assets.xcassets in Resources */ = {isa = PBXBuildFile; fileRef = 338FEB161C94D77800F74AB9 /* Assets.xcassets */; };
		338FEB1A1C94D77800F74AB9 /* LaunchScreen.storyboard in Resources */ = {isa = PBXBuildFile; fileRef = 338FEB181C94D77800F74AB9 /* LaunchScreen.storyboard */; };
		338FEB221C94E13000F74AB9 /* pokemon.csv in Resources */ = {isa = PBXBuildFile; fileRef = 338FEB211C94E13000F74AB9 /* pokemon.csv */; };
/* End PBXBuildFile section */

/* Begin PBXFileReference section */
		338FEB0C1C94D77800F74AB9 /* Pokedex.app */ = {isa = PBXFileReference; explicitFileType = wrapper.application; includeInIndex = 0; path = Pokedex.app; sourceTree = BUILT_PRODUCTS_DIR; };
		338FEB0F1C94D77800F74AB9 /* AppDelegate.swift */ = {isa = PBXFileReference; lastKnownFileType = sourcecode.swift; path = AppDelegate.swift; sourceTree = "<group>"; };
		338FEB111C94D77800F74AB9 /* ViewController.swift */ = {isa = PBXFileReference; lastKnownFileType = sourcecode.swift; path = ViewController.swift; sourceTree = "<group>"; };
		338FEB141C94D77800F74AB9 /* Base */ = {isa = PBXFileReference; lastKnownFileType = file.storyboard; name = Base; path = Base.lproj/Main.storyboard; sourceTree = "<group>"; };
		338FEB161C94D77800F74AB9 /* Assets.xcassets */ = {isa = PBXFileReference; lastKnownFileType = folder.assetcatalog; path = Assets.xcassets; sourceTree = "<group>"; };
		338FEB191C94D77800F74AB9 /* Base */ = {isa = PBXFileReference; lastKnownFileType = file.storyboard; name = Base; path = Base.lproj/LaunchScreen.storyboard; sourceTree = "<group>"; };
		338FEB1B1C94D77800F74AB9 /* Info.plist */ = {isa = PBXFileReference; lastKnownFileType = text.plist.xml; path = Info.plist; sourceTree = "<group>"; };
		338FEB211C94E13000F74AB9 /* pokemon.csv */ = {isa = PBXFileReference; fileEncoding = 4; lastKnownFileType = text; path = pokemon.csv; sourceTree = "<group>"; };
/* End PBXFileReference section */

/* Begin PBXFrameworksBuildPhase section */
		338FEB091C94D77800F74AB9 /* Frameworks */ = {
			isa = PBXFrameworksBuildPhase;
			buildActionMask = 2147483647;
			files = (
			);
			runOnlyForDeploymentPostprocessing = 0;
		};
/* End PBXFrameworksBuildPhase section */

/* Begin PBXGroup section */
		338FEB031C94D77800F74AB9 = {
			isa = PBXGroup;
			children = (
				338FEB0E1C94D77800F74AB9 /* Pokedex */,
				338FEB0D1C94D77800F74AB9 /* Products */,
			);
			sourceTree = "<group>";
		};
		338FEB0D1C94D77800F74AB9 /* Products */ = {
			isa = PBXGroup;
			children = (
				338FEB0C1C94D77800F74AB9 /* Pokedex.app */,
			);
			name = Products;
			sourceTree = "<group>";
		};
		338FEB0E1C94D77800F74AB9 /* Pokedex */ = {
			isa = PBXGroup;
			children = (
				338FEB0F1C94D77800F74AB9 /* AppDelegate.swift */,
				338FEB111C94D77800F74AB9 /* ViewController.swift */,
				338FEB211C94E13000F74AB9 /* pokemon.csv */,
				338FEB131C94D77800F74AB9 /* Main.storyboard */,
				338FEB161C94D77800F74AB9 /* Assets.xcassets */,
				338FEB181C94D77800F74AB9 /* LaunchScreen.storyboard */,
				338FEB1B1C94D77800F74AB9 /* Info.plist */,
			);
			path = Pokedex;
			sourceTree = "<group>";
		};
/* End PBXGroup section */

/* Begin PBXNativeTarget section */
		338FEB0B1C94D77800F74AB9 /* Pokedex */ = {
			isa = PBXNativeTarget;
			buildConfigurationList = 338FEB1E1C94D77800F74AB9 /* Build configuration list for PBXNativeTarget "Pokedex" */;
			buildPhases = (
				338FEB081C94D77800F74AB9 /* Sources */,
				338FEB091C94D77800F74AB9 /* Frameworks */,
				338FEB0A1C94D77800F74AB9 /* Resources */,
			);
			buildRules = (
			);
			dependencies = (
			);
			name = Pokedex;
			productName = Pokedex;
			productReference = 338FEB0C1C94D77800F74AB9 /* Pokedex.app */;
			productType = "com.apple.product-type.application";
		};
/* End PBXNativeTarget section */

/* Begin PBXProject section */
		338FEB041C94D77800F74AB9 /* Project object */ = {
			isa = PBXProject;
			attributes = {
				LastSwiftUpdateCheck = 0720;
				LastUpgradeCheck = 0720;
				ORGANIZATIONNAME = hendri;
				TargetAttributes = {
					338FEB0B1C94D77800F74AB9 = {
						CreatedOnToolsVersion = 7.2.1;
						DevelopmentTeam = S9D6M9RWF4;
					};
				};
			};
			buildConfigurationList = 338FEB071C94D77800F74AB9 /* Build configuration list for PBXProject "Pokedex" */;
			compatibilityVersion = "Xcode 3.2";
			developmentRegion = English;
			hasScannedForEncodings = 0;
			knownRegions = (
				en,
				Base,
			);
			mainGroup = 338FEB031C94D77800F74AB9;
			productRefGroup = 338FEB0D1C94D77800F74AB9 /* Products */;
			projectDirPath = "";
			projectRoot = "";
			targets = (
				338FEB0B1C94D77800F74AB9 /* Pokedex */,
			);
		};
/* End PBXProject section */

/* Begin PBXResourcesBuildPhase section */
		338FEB0A1C94D77800F74AB9 /* Resources */ = {
			isa = PBXResourcesBuildPhase;
			buildActionMask = 2147483647;
			files = (
				338FEB1A1C94D77800F74AB9 /* LaunchScreen.storyboard in Resources */,
				338FEB171C94D77800F74AB9 /* Assets.xcassets in Resources */,
				338FEB221C94E13000F74AB9 /* pokemon.csv in Resources */,
				338FEB151C94D77800F74AB9 /* Main.storyboard in Resources */,
			);
			runOnlyForDeploymentPostprocessing = 0;
		};
/* End PBXResourcesBuildPhase section */

/* Begin PBXSourcesBuildPhase section */
		338FEB081C94D77800F74AB9 /* Sources */ = {
			isa = PBXSourcesBuildPhase;
			buildActionMask = 2147483647;
			files = (
				338FEB121C94D77800F74AB9 /* ViewController.swift in Sources */,
				338FEB101C94D77800F74AB9 /* AppDelegate.swift in Sources */,
			);
			runOnlyForDeploymentPostprocessing = 0;
		};
/* End PBXSourcesBuildPhase section */

/* Begin PBXVariantGroup section */
		338FEB131C94D77800F74AB9 /* Main.storyboard */ = {
			isa = PBXVariantGroup;
			children = (
				338FEB141C94D77800F74AB9 /* Base */,
			);
			name = Main.storyboard;
			sourceTree = "<group>";
		};
		338FEB181C94D77800F74AB9 /* LaunchScreen.storyboard */ = {
			isa = PBXVariantGroup;
			children = (
				338FEB191C94D77800F74AB9 /* Base */,
			);
			name = LaunchScreen.storyboard;
			sourceTree = "<group>";
		};
/* End PBXVariantGroup section */

/* Begin XCBuildConfiguration section */
		338FEB1C1C94D77800F74AB9 /* Debug */ = {
			isa = XCBuildConfiguration;
			buildSettings = {
				ALWAYS_SEARCH_USER_PATHS = NO;
				CLANG_CXX_LANGUAGE_STANDARD = "gnu++0x";
				CLANG_CXX_LIBRARY = "libc++";
				CLANG_ENABLE_MODULES = YES;
				CLANG_ENABLE_OBJC_ARC = YES;
				CLANG_WARN_BOOL_CONVERSION = YES;
				CLANG_WARN_CONSTANT_CONVERSION = YES;
				CLANG_WARN_DIRECT_OBJC_ISA_USAGE = YES_ERROR;
				CLANG_WARN_EMPTY_BODY = YES;
				CLANG_WARN_ENUM_CONVERSION = YES;
				CLANG_WARN_INT_CONVERSION = YES;
				CLANG_WARN_OBJC_ROOT_CLASS = YES_ERROR;
				CLANG_WARN_UNREACHABLE_CODE = YES;
				CLANG_WARN__DUPLICATE_METHOD_MATCH = YES;
				"CODE_SIGN_IDENTITY[sdk=iphoneos*]" = "iPhone Developer";
				COPY_PHASE_STRIP = NO;
				DEBUG_INFORMATION_FORMAT = dwarf;
				ENABLE_STRICT_OBJC_MSGSEND = YES;
				ENABLE_TESTABILITY = YES;
				GCC_C_LANGUAGE_STANDARD = gnu99;
				GCC_DYNAMIC_NO_PIC = NO;
				GCC_NO_COMMON_BLOCKS = YES;
				GCC_OPTIMIZATION_LEVEL = 0;
				GCC_PREPROCESSOR_DEFINITIONS = (
					"DEBUG=1",
					"$(inherited)",
				);
				GCC_WARN_64_TO_32_BIT_CONVERSION = YES;
				GCC_WARN_ABOUT_RETURN_TYPE = YES_ERROR;
				GCC_WARN_UNDECLARED_SELECTOR = YES;
				GCC_WARN_UNINITIALIZED_AUTOS = YES_AGGRESSIVE;
				GCC_WARN_UNUSED_FUNCTION = YES;
				GCC_WARN_UNUSED_VARIABLE = YES;
				IPHONEOS_DEPLOYMENT_TARGET = 9.2;
				MTL_ENABLE_DEBUG_INFO = YES;
				ONLY_ACTIVE_ARCH = YES;
				SDKROOT = iphoneos;
				SWIFT_OPTIMIZATION_LEVEL = "-Onone";
				TARGETED_DEVICE_FAMILY = "1,2";
			};
			name = Debug;
		};
		338FEB1D1C94D77800F74AB9 /* Release */ = {
			isa = XCBuildConfiguration;
			buildSettings = {
				ALWAYS_SEARCH_USER_PATHS = NO;
				CLANG_CXX_LANGUAGE_STANDARD = "gnu++0x";
				CLANG_CXX_LIBRARY = "libc++";
				CLANG_ENABLE_MODULES = YES;
				CLANG_ENABLE_OBJC_ARC = YES;
				CLANG_WARN_BOOL_CONVERSION = YES;
				CLANG_WARN_CONSTANT_CONVERSION = YES;
				CLANG_WARN_DIRECT_OBJC_ISA_USAGE = YES_ERROR;
				CLANG_WARN_EMPTY_BODY = YES;
				CLANG_WARN_ENUM_CONVERSION = YES;
				CLANG_WARN_INT_CONVERSION = YES;
				CLANG_WARN_OBJC_ROOT_CLASS = YES_ERROR;
				CLANG_WARN_UNREACHABLE_CODE = YES;
				CLANG_WARN__DUPLICATE_METHOD_MATCH = YES;
				"CODE_SIGN_IDENTITY[sdk=iphoneos*]" = "iPhone Developer";
				COPY_PHASE_STRIP = NO;
				DEBUG_INFORMATION_FORMAT = "dwarf-with-dsym";
				ENABLE_NS_ASSERTIONS = NO;
				ENABLE_STRICT_OBJC_MSGSEND = YES;
				GCC_C_LANGUAGE_STANDARD = gnu99;
				GCC_NO_COMMON_BLOCKS = YES;
				GCC_WARN_64_TO_32_BIT_CONVERSION = YES;
				GCC_WARN_ABOUT_RETURN_TYPE = YES_ERROR;
				GCC_WARN_UNDECLARED_SELECTOR = YES;
				GCC_WARN_UNINITIALIZED_AUTOS = YES_AGGRESSIVE;
				GCC_WARN_UNUSED_FUNCTION = YES;
				GCC_WARN_UNUSED_VARIABLE = YES;
				IPHONEOS_DEPLOYMENT_TARGET = 9.2;
				MTL_ENABLE_DEBUG_INFO = NO;
				SDKROOT = iphoneos;
				TARGETED_DEVICE_FAMILY = "1,2";
				VALIDATE_PRODUCT = YES;
			};
			name = Release;
		};
		338FEB1F1C94D77800F74AB9 /* Debug */ = {
			isa = XCBuildConfiguration;
			buildSettings = {
				ASSETCATALOG_COMPILER_APPICON_NAME = AppIcon;
				INFOPLIST_FILE = Pokedex/Info.plist;
				LD_RUNPATH_SEARCH_PATHS = "$(inherited) @executable_path/Frameworks";
				PRODUCT_BUNDLE_IDENTIFIER = net.soerianto.Pokedex;
				PRODUCT_NAME = "$(TARGET_NAME)";
			};
			name = Debug;
		};
		338FEB201C94D77800F74AB9 /* Release */ = {
			isa = XCBuildConfiguration;
			buildSettings = {
				ASSETCATALOG_COMPILER_APPICON_NAME = AppIcon;
				INFOPLIST_FILE = Pokedex/Info.plist;
				LD_RUNPATH_SEARCH_PATHS = "$(inherited) @executable_path/Frameworks";
				PRODUCT_BUNDLE_IDENTIFIER = net.soerianto.Pokedex;
				PRODUCT_NAME = "$(TARGET_NAME)";
			};
			name = Release;
		};
/* End XCBuildConfiguration section */

/* Begin XCConfigurationList section */
		338FEB071C94D77800F74AB9 /* Build configuration list for PBXProject "Pokedex" */ = {
			isa = XCConfigurationList;
			buildConfigurations = (
				338FEB1C1C94D77800F74AB9 /* Debug */,
				338FEB1D1C94D77800F74AB9 /* Release */,
			);
			defaultConfigurationIsVisible = 0;
			defaultConfigurationName = Release;
		};
		338FEB1E1C94D77800F74AB9 /* Build configuration list for PBXNativeTarget "Pokedex" */ = {
			isa = XCConfigurationList;
			buildConfigurations = (
				338FEB1F1C94D77800F74AB9 /* Debug */,
				338FEB201C94D77800F74AB9 /* Release */,
			);
			defaultConfigurationIsVisible = 0;
		};
/* End XCConfigurationList section */
	};
	rootObject = 338FEB041C94D77800F74AB9 /* Project object */;
}
